
Microsoft Visual Studio Solution File, Format Version 12.00
# Visual Studio 15
VisualStudioVersion = 15.0.28307.102
MinimumVisualStudioVersion = 10.0.40219.1
Project("{888888A0-9F3D-457C-B088-3A5042F75D52}") = "VSTS", "VSTS.pyproj", "{52A1B434-1DE5-4F87-BB05-2DE954A16DF4}"
EndProject
Global
	GlobalSection(SolutionConfigurationPlatforms) = preSolution
		Debug|Any CPU = Debug|Any CPU
		Release|Any CPU = Release|Any CPU
	EndGlobalSection
	GlobalSection(ProjectConfigurationPlatforms) = postSolution
		{52A1B434-1DE5-4F87-BB05-2DE954A16DF4}.Debug|Any CPU.ActiveCfg = Debug|Any CPU
		{52A1B434-1DE5-4F87-BB05-2DE954A16DF4}.Release|Any CPU.ActiveCfg = Release|Any CPU
	EndGlobalSection
	GlobalSection(SolutionProperties) = preSolution
		HideSolutionNode = FALSE
	EndGlobalSection
	GlobalSection(ExtensibilityGlobals) = postSolution
		SolutionGuid = {02866CD2-2B8F-4219-97A0-3390187FA798}
	EndGlobalSection
EndGlobal
